
Microsoft Visual Studio Solution File, Format Version 12.00
# Visual Studio 15
VisualStudioVersion = 15.0.28010.2046
MinimumVisualStudioVersion = 10.0.40219.1
Project("{FAE04EC0-301F-11D3-BF4B-00C04F79EFBC}") = "MyServer", "MyServer\MyServer.csproj", "{154B1687-4D42-4DBA-A0C2-0E541A030D1E}"
EndProject
Project("{FAE04EC0-301F-11D3-BF4B-00C04F79EFBC}") = "GameServer", "GameServer\GameServer.csproj", "{C95C7847-32C2-4408-B2AE-6011CA6C72B4}"
EndProject
Project("{FAE04EC0-301F-11D3-BF4B-00C04F79EFBC}") = "Protocol", "Protocol\Protocol.csproj", "{4EE0051C-B978-4812-9A47-9200B855ABED}"
EndProject
Global
	GlobalSection(SolutionConfigurationPlatforms) = preSolution
		Debug|Any CPU = Debug|Any CPU
		Release|Any CPU = Release|Any CPU
	EndGlobalSection
	GlobalSection(ProjectConfigurationPlatforms) = postSolution
		{154B1687-4D42-4DBA-A0C2-0E541A030D1E}.Debug|Any CPU.ActiveCfg = Debug|Any CPU
		{154B1687-4D42-4DBA-A0C2-0E541A030D1E}.Debug|Any CPU.Build.0 = Debug|Any CPU
		{154B1687-4D42-4DBA-A0C2-0E541A030D1E}.Release|Any CPU.ActiveCfg = Release|Any CPU
		{154B1687-4D42-4DBA-A0C2-0E541A030D1E}.Release|Any CPU.Build.0 = Release|Any CPU
		{C95C7847-32C2-4408-B2AE-6011CA6C72B4}.Debug|Any CPU.ActiveCfg = Debug|Any CPU
		{C95C7847-32C2-4408-B2AE-6011CA6C72B4}.Debug|Any CPU.Build.0 = Debug|Any CPU
		{C95C7847-32C2-4408-B2AE-6011CA6C72B4}.Release|Any CPU.ActiveCfg = Release|Any CPU
		{C95C7847-32C2-4408-B2AE-6011CA6C72B4}.Release|Any CPU.Build.0 = Release|Any CPU
		{4EE0051C-B978-4812-9A47-9200B855ABED}.Debug|Any CPU.ActiveCfg = Debug|Any CPU
		{4EE0051C-B978-4812-9A47-9200B855ABED}.Debug|Any CPU.Build.0 = Debug|Any CPU
		{4EE0051C-B978-4812-9A47-9200B855ABED}.Release|Any CPU.ActiveCfg = Release|Any CPU
		{4EE0051C-B978-4812-9A47-9200B855ABED}.Release|Any CPU.Build.0 = Release|Any CPU
	EndGlobalSection
	GlobalSection(SolutionProperties) = preSolution
		HideSolutionNode = FALSE
	EndGlobalSection
	GlobalSection(ExtensibilityGlobals) = postSolution
		SolutionGuid = {799EC51A-6AA9-4759-B202-C8C29D6CC187}
	EndGlobalSection
EndGlobal
